
Microsoft Visual Studio Solution File, Format Version 12.00
# Visual Studio Version 17
VisualStudioVersion = 17.5.002.0
MinimumVisualStudioVersion = 10.0.40219.1
Project("{9A19103F-16F7-4668-BE54-9A1E7A4F7556}") = "Calculator", "Calculator.csproj", "{DAF19F8C-6C0C-44C4-BA59-01EA69399B81}"
EndProject
Global
	GlobalSection(SolutionConfigurationPlatforms) = preSolution
		Debug|Any CPU = Debug|Any CPU
		Release|Any CPU = Release|Any CPU
	EndGlobalSection
	GlobalSection(ProjectConfigurationPlatforms) = postSolution
		{DAF19F8C-6C0C-44C4-BA59-01EA69399B81}.Debug|Any CPU.ActiveCfg = Debug|Any CPU
		{DAF19F8C-6C0C-44C4-BA59-01EA69399B81}.Debug|Any CPU.Build.0 = Debug|Any CPU
		{DAF19F8C-6C0C-44C4-BA59-01EA69399B81}.Release|Any CPU.ActiveCfg = Release|Any CPU
		{DAF19F8C-6C0C-44C4-BA59-01EA69399B81}.Release|Any CPU.Build.0 = Release|Any CPU
	EndGlobalSection
	GlobalSection(SolutionProperties) = preSolution
		HideSolutionNode = FALSE
	EndGlobalSection
	GlobalSection(ExtensibilityGlobals) = postSolution
		SolutionGuid = {101D4406-50AF-4723-8A8F-FBEB1BE56E4D}
	EndGlobalSection
EndGlobal
